{
  "name": "weapp",
  "version": "1.0.0",
  "lockfileVersion": 1,
  "requires": true,
  "dependencies": {
    "cax": {
      "version": "1.3.1",
      "resolved": "https://registry.npmjs.org/cax/-/cax-1.3.1.tgz",
      "integrity": "sha512-OvnMKs4/5tE9KbNZppg8gRmOZU43KaUUz/7MdLXrYHl1lgG3wEKZs/N44fLiA6w3gw5Vbrov9ABDngNZBmDU/w=="
    },
    "find-insert-index": {
      "version": "0.0.1",
      "resolved": "https://registry.npmjs.org/find-insert-index/-/find-insert-index-0.0.1.tgz",
      "integrity": "sha1-Fs00ZkwqwjOQWrKzl0W87HITYt4="
    },
    "json2canvas": {
      "version": "1.0.11",
      "resolved": "https://registry.npmjs.org/json2canvas/-/json2canvas-1.0.11.tgz",
      "integrity": "sha512-/7Iah8F8C1vDvcz9jdvcRwhmHkMY/ce8qvh5YBcdURYQZ2qg1tEE88QKxHdctPNAWf1mrc9MVqJ/Ncklpzo5BA==",
      "requires": {
        "cax": "^1.3.1",
        "tree-model": "^1.0.7"
      }
    },
    "mergesort": {
      "version": "0.0.1",
      "resolved": "https://registry.npmjs.org/mergesort/-/mergesort-0.0.1.tgz",
      "integrity": "sha1-Nk7MMbKX3H9E5RHTZRdvHDnQj8I="
    },
    "tree-model": {
      "version": "1.0.7",
      "resolved": "https://registry.npmjs.org/tree-model/-/tree-model-1.0.7.tgz",
      "integrity": "sha512-oP4LUbCVtD2gcjcRaeI4L5hY60tHzB+AK/bthIJ2Pq1EUUOio5/xFzPWnGoBZlhtqpqbOkhFDzKIwKLOn0kccQ==",
      "requires": {
        "find-insert-index": "0.0.1",
        "mergesort": "0.0.1"
      }
    }
  }
}
