{
  "name": "weapp",
  "version": "1.0.0",
  "lockfileVersion": 1,
  "requires": true,
  "dependencies": {
    "cax": {
      "version": "1.3.1",
      "resolved": "https://registry.npmjs.org/cax/-/cax-1.3.1.tgz",
      "integrity": "sha512-OvnMKs4/5tE9KbNZppg8gRmOZU43KaUUz/7MdLXrYHl1lgG3wEKZs/N44fLiA6w3gw5Vbrov9ABDngNZBmDU/w=="
    },
    "json2canvas": {
      "version": "1.0.4",
      "resolved": "https://registry.npmjs.org/json2canvas/-/json2canvas-1.0.4.tgz",
      "integrity": "sha512-iEtTRe86HyMHQuqMbhZMQBapfgnE6KkV63a6qRjl0dswTzKPFe1+3GKb8TszhQ4bkvz4sTZCxP3eJS8wEt8YXw==",
      "requires": {
        "cax": "^1.3.1"
      }
    }
  }
}
